
Microsoft Visual Studio Solution File, Format Version 12.00
# Visual Studio 15
VisualStudioVersion = 15.0.28307.136
MinimumVisualStudioVersion = 10.0.40219.1
Project("{FAE04EC0-301F-11D3-BF4B-00C04F79EFBC}") = "NetClient", "NetClient\NetClient.csproj", "{5CFC9A1E-D141-4E38-AB7D-879956C8070F}"
EndProject
Global
	GlobalSection(SolutionConfigurationPlatforms) = preSolution
		Debug|Any CPU = Debug|Any CPU
		Release|Any CPU = Release|Any CPU
	EndGlobalSection
	GlobalSection(ProjectConfigurationPlatforms) = postSolution
		{5CFC9A1E-D141-4E38-AB7D-879956C8070F}.Debug|Any CPU.ActiveCfg = Debug|Any CPU
		{5CFC9A1E-D141-4E38-AB7D-879956C8070F}.Debug|Any CPU.Build.0 = Debug|Any CPU
		{5CFC9A1E-D141-4E38-AB7D-879956C8070F}.Release|Any CPU.ActiveCfg = Release|Any CPU
		{5CFC9A1E-D141-4E38-AB7D-879956C8070F}.Release|Any CPU.Build.0 = Release|Any CPU
	EndGlobalSection
	GlobalSection(SolutionProperties) = preSolution
		HideSolutionNode = FALSE
	EndGlobalSection
	GlobalSection(ExtensibilityGlobals) = postSolution
		SolutionGuid = {5FA2FF10-1265-450D-9DB9-FCB67A64F27F}
	EndGlobalSection
EndGlobal
